# This file is automatically @generated by Cargo.
# It is not intended for manual editing.
version = 3

[[package]]
name = "enum-map"
version = "2.6.1"
source = "registry+https://github.com/rust-lang/crates.io-index"
checksum = "9705d8de4776df900a4a0b2384f8b0ab42f775e93b083b42f8ce71bdc32a47e3"
dependencies = [
 "enum-map-derive",
]

[[package]]
name = "enum-map-derive"
version = "0.13.0"
source = "registry+https://github.com/rust-lang/crates.io-index"
checksum = "ccb14d927583dd5c2eac0f2cf264fc4762aefe1ae14c47a8a20fc1939d3a5fc0"
dependencies = [
 "proc-macro2",
 "quote",
 "syn",
]

[[package]]
name = "game-of-life-rust"
version = "0.1.0"
dependencies = [
 "enum-map",
 "watch",
]

[[package]]
name = "proc-macro2"
version = "1.0.66"
source = "registry+https://github.com/rust-lang/crates.io-index"
checksum = "18fb31db3f9bddb2ea821cde30a9f70117e3f119938b5ee630b7403aa6e2ead9"
dependencies = [
 "unicode-ident",
]

[[package]]
name = "quote"
version = "1.0.33"
source = "registry+https://github.com/rust-lang/crates.io-index"
checksum = "5267fca4496028628a95160fc423a33e8b2e6af8a5302579e322e4b520293cae"
dependencies = [
 "proc-macro2",
]

[[package]]
name = "syn"
version = "2.0.29"
source = "registry+https://github.com/rust-lang/crates.io-index"
checksum = "c324c494eba9d92503e6f1ef2e6df781e78f6a7705a0202d9801b198807d518a"
dependencies = [
 "proc-macro2",
 "quote",
 "unicode-ident",
]

[[package]]
name = "unicode-ident"
version = "1.0.11"
source = "registry+https://github.com/rust-lang/crates.io-index"
checksum = "301abaae475aa91687eb82514b328ab47a211a533026cb25fc3e519b86adfc3c"

[[package]]
name = "watch"
version = "0.2.3"
source = "registry+https://github.com/rust-lang/crates.io-index"
checksum = "5ed390fa2f6c6036b4dad0a2695711971998ac185f629e4b5d3d5cb3e4ff5c65"
