# This file is automatically @generated by Cargo.
# It is not intended for manual editing.
version = 3

[[package]]
name = "game-of-life-rust"
version = "0.1.0"
dependencies = [
 "watch",
]

[[package]]
name = "watch"
version = "0.2.3"
source = "registry+https://github.com/rust-lang/crates.io-index"
checksum = "5ed390fa2f6c6036b4dad0a2695711971998ac185f629e4b5d3d5cb3e4ff5c65"
